
Microsoft Visual Studio Solution File, Format Version 12.00
# Visual Studio Version 16
VisualStudioVersion = 16.0.30503.244
MinimumVisualStudioVersion = 10.0.40219.1
Project("{FAE04EC0-301F-11D3-BF4B-00C04F79EFBC}") = "Lopyshok", "Lopyshok\Lopyshok.csproj", "{1000C073-54B6-4578-8A38-AAC78AB9EFB4}"
EndProject
Global
	GlobalSection(SolutionConfigurationPlatforms) = preSolution
		Debug|Any CPU = Debug|Any CPU
		Release|Any CPU = Release|Any CPU
	EndGlobalSection
	GlobalSection(ProjectConfigurationPlatforms) = postSolution
		{1000C073-54B6-4578-8A38-AAC78AB9EFB4}.Debug|Any CPU.ActiveCfg = Debug|Any CPU
		{1000C073-54B6-4578-8A38-AAC78AB9EFB4}.Debug|Any CPU.Build.0 = Debug|Any CPU
		{1000C073-54B6-4578-8A38-AAC78AB9EFB4}.Release|Any CPU.ActiveCfg = Release|Any CPU
		{1000C073-54B6-4578-8A38-AAC78AB9EFB4}.Release|Any CPU.Build.0 = Release|Any CPU
	EndGlobalSection
	GlobalSection(SolutionProperties) = preSolution
		HideSolutionNode = FALSE
	EndGlobalSection
	GlobalSection(ExtensibilityGlobals) = postSolution
		SolutionGuid = {90ADF8E4-C1AC-48CB-983A-D787A02D57ED}
	EndGlobalSection
EndGlobal
